
Microsoft Visual Studio Solution File, Format Version 12.00
# Visual Studio Version 16
VisualStudioVersion = 16.0.30309.148
MinimumVisualStudioVersion = 10.0.40219.1
Project("{FAE04EC0-301F-11D3-BF4B-00C04F79EFBC}") = "bc01", "bc01\bc01.csproj", "{980E9F58-9E16-463D-B65A-4B11871AFDE4}"
EndProject
Global
	GlobalSection(SolutionConfigurationPlatforms) = preSolution
		Debug|ARM = Debug|ARM
		Debug|x64 = Debug|x64
		Debug|x86 = Debug|x86
		Release|ARM = Release|ARM
		Release|x64 = Release|x64
		Release|x86 = Release|x86
	EndGlobalSection
	GlobalSection(ProjectConfigurationPlatforms) = postSolution
		{980E9F58-9E16-463D-B65A-4B11871AFDE4}.Debug|ARM.ActiveCfg = Debug|ARM
		{980E9F58-9E16-463D-B65A-4B11871AFDE4}.Debug|ARM.Build.0 = Debug|ARM
		{980E9F58-9E16-463D-B65A-4B11871AFDE4}.Debug|ARM.Deploy.0 = Debug|ARM
		{980E9F58-9E16-463D-B65A-4B11871AFDE4}.Debug|x64.ActiveCfg = Debug|x64
		{980E9F58-9E16-463D-B65A-4B11871AFDE4}.Debug|x64.Build.0 = Debug|x64
		{980E9F58-9E16-463D-B65A-4B11871AFDE4}.Debug|x64.Deploy.0 = Debug|x64
		{980E9F58-9E16-463D-B65A-4B11871AFDE4}.Debug|x86.ActiveCfg = Debug|x86
		{980E9F58-9E16-463D-B65A-4B11871AFDE4}.Debug|x86.Build.0 = Debug|x86
		{980E9F58-9E16-463D-B65A-4B11871AFDE4}.Debug|x86.Deploy.0 = Debug|x86
		{980E9F58-9E16-463D-B65A-4B11871AFDE4}.Release|ARM.ActiveCfg = Release|ARM
		{980E9F58-9E16-463D-B65A-4B11871AFDE4}.Release|ARM.Build.0 = Release|ARM
		{980E9F58-9E16-463D-B65A-4B11871AFDE4}.Release|ARM.Deploy.0 = Release|ARM
		{980E9F58-9E16-463D-B65A-4B11871AFDE4}.Release|x64.ActiveCfg = Release|x64
		{980E9F58-9E16-463D-B65A-4B11871AFDE4}.Release|x64.Build.0 = Release|x64
		{980E9F58-9E16-463D-B65A-4B11871AFDE4}.Release|x64.Deploy.0 = Release|x64
		{980E9F58-9E16-463D-B65A-4B11871AFDE4}.Release|x86.ActiveCfg = Release|x86
		{980E9F58-9E16-463D-B65A-4B11871AFDE4}.Release|x86.Build.0 = Release|x86
		{980E9F58-9E16-463D-B65A-4B11871AFDE4}.Release|x86.Deploy.0 = Release|x86
	EndGlobalSection
	GlobalSection(SolutionProperties) = preSolution
		HideSolutionNode = FALSE
	EndGlobalSection
	GlobalSection(ExtensibilityGlobals) = postSolution
		SolutionGuid = {401058B0-C5CC-445D-8BD0-33EF1917F3F7}
	EndGlobalSection
EndGlobal
